// !$*UTF8*$!
{
	archiveVersion = 1;
	classes = {
	};
	objectVersion = 46;
	objects = {

/* Begin PBXBuildFile section */
		5A16E9A91EAEE03100121542 /* Animator.m in Sources */ = {isa = PBXBuildFile; fileRef = 5A16E9A81EAEE03100121542 /* Animator.m */; };
		5A1E24CD1E973C6B0083F887 /* main.m in Sources */ = {isa = PBXBuildFile; fileRef = 5A1E24CC1E973C6B0083F887 /* main.m */; };
		5A1E24D01E973C6B0083F887 /* AppDelegate.m in Sources */ = {isa = PBXBuildFile; fileRef = 5A1E24CF1E973C6B0083F887 /* AppDelegate.m */; };
		5A1E24D31E973C6B0083F887 /* ViewController.m in Sources */ = {isa = PBXBuildFile; fileRef = 5A1E24D21E973C6B0083F887 /* ViewController.m */; };
		5A1E24D61E973C6B0083F887 /* Main.storyboard in Resources */ = {isa = PBXBuildFile; fileRef = 5A1E24D41E973C6B0083F887 /* Main.storyboard */; };
		5A1E24D81E973C6B0083F887 /* Assets.xcassets in Resources */ = {isa = PBXBuildFile; fileRef = 5A1E24D71E973C6B0083F887 /* Assets.xcassets */; };
		5A1E24DB1E973C6B0083F887 /* LaunchScreen.storyboard in Resources */ = {isa = PBXBuildFile; fileRef = 5A1E24D91E973C6B0083F887 /* LaunchScreen.storyboard */; };
		5A1E24E61E973C6B0083F887 /* LimToolsOCTests.m in Sources */ = {isa = PBXBuildFile; fileRef = 5A1E24E51E973C6B0083F887 /* LimToolsOCTests.m */; };
		5A1E24F11E973C6B0083F887 /* LimToolsOCUITests.m in Sources */ = {isa = PBXBuildFile; fileRef = 5A1E24F01E973C6B0083F887 /* LimToolsOCUITests.m */; };
		5A1E25071E9741090083F887 /* StringValidTests.m in Sources */ = {isa = PBXBuildFile; fileRef = 5A1E25061E9741090083F887 /* StringValidTests.m */; };
		5A1E25131E97577B0083F887 /* NSDate+Custom.m in Sources */ = {isa = PBXBuildFile; fileRef = 5A1E250D1E97577B0083F887 /* NSDate+Custom.m */; };
		5A1E25141E97577B0083F887 /* NSString+Valid.m in Sources */ = {isa = PBXBuildFile; fileRef = 5A1E250F1E97577B0083F887 /* NSString+Valid.m */; };
		5A1E25151E97577B0083F887 /* QRView.m in Sources */ = {isa = PBXBuildFile; fileRef = 5A1E25121E97577B0083F887 /* QRView.m */; };
		5A1E253C1E97813E0083F887 /* UIColor+Custom.m in Sources */ = {isa = PBXBuildFile; fileRef = 5A1E253B1E97813E0083F887 /* UIColor+Custom.m */; };
		5A1E253F1E9786080083F887 /* NSString+Encryption.m in Sources */ = {isa = PBXBuildFile; fileRef = 5A1E253E1E9786080083F887 /* NSString+Encryption.m */; };
		5A1E25421E9789E50083F887 /* UIButton+ExpandArea.m in Sources */ = {isa = PBXBuildFile; fileRef = 5A1E25411E9789E50083F887 /* UIButton+ExpandArea.m */; };
		5A1E25A31E9B507A0083F887 /* button_hide_kb@2x.png in Resources */ = {isa = PBXBuildFile; fileRef = 5A1E259C1E9B507A0083F887 /* button_hide_kb@2x.png */; };
		5A1E25A41E9B507A0083F887 /* RPDynamicVK.m in Sources */ = {isa = PBXBuildFile; fileRef = 5A1E259E1E9B507A0083F887 /* RPDynamicVK.m */; };
		5A1E25A51E9B507A0083F887 /* RPExBtnTextField.m in Sources */ = {isa = PBXBuildFile; fileRef = 5A1E25A01E9B507A0083F887 /* RPExBtnTextField.m */; };
		5A1E25A61E9B507A0083F887 /* RPExBtnTextView.m in Sources */ = {isa = PBXBuildFile; fileRef = 5A1E25A21E9B507A0083F887 /* RPExBtnTextView.m */; };
		5A42D1F61F03B93B00BF38E1 /* CALayer+Additions.m in Sources */ = {isa = PBXBuildFile; fileRef = 5A42D1F51F03B93B00BF38E1 /* CALayer+Additions.m */; };
		5A5038A51F0393860090E448 /* CountdownHelper.m in Sources */ = {isa = PBXBuildFile; fileRef = 5A5038A41F0393860090E448 /* CountdownHelper.m */; };
		5AA536BE1EA843920065F0CA /* IQNSArray+Sort.m in Sources */ = {isa = PBXBuildFile; fileRef = 5AA5369C1EA843920065F0CA /* IQNSArray+Sort.m */; };
		5AA536BF1EA843920065F0CA /* IQUIScrollView+Additions.m in Sources */ = {isa = PBXBuildFile; fileRef = 5AA5369E1EA843920065F0CA /* IQUIScrollView+Additions.m */; };
		5AA536C01EA843920065F0CA /* IQUITextFieldView+Additions.m in Sources */ = {isa = PBXBuildFile; fileRef = 5AA536A01EA843920065F0CA /* IQUITextFieldView+Additions.m */; };
		5AA536C11EA843920065F0CA /* IQUIView+Hierarchy.m in Sources */ = {isa = PBXBuildFile; fileRef = 5AA536A21EA843920065F0CA /* IQUIView+Hierarchy.m */; };
		5AA536C21EA843920065F0CA /* IQUIViewController+Additions.m in Sources */ = {isa = PBXBuildFile; fileRef = 5AA536A41EA843920065F0CA /* IQUIViewController+Additions.m */; };
		5AA536C31EA843920065F0CA /* IQUIWindow+Hierarchy.m in Sources */ = {isa = PBXBuildFile; fileRef = 5AA536A61EA843920065F0CA /* IQUIWindow+Hierarchy.m */; };
		5AA536C41EA843920065F0CA /* IQKeyboardManager.m in Sources */ = {isa = PBXBuildFile; fileRef = 5AA536AB1EA843920065F0CA /* IQKeyboardManager.m */; };
		5AA536C51EA843920065F0CA /* IQKeyboardReturnKeyHandler.m in Sources */ = {isa = PBXBuildFile; fileRef = 5AA536AD1EA843920065F0CA /* IQKeyboardReturnKeyHandler.m */; };
		5AA536C61EA843920065F0CA /* IQTextView.m in Sources */ = {isa = PBXBuildFile; fileRef = 5AA536B01EA843920065F0CA /* IQTextView.m */; };
		5AA536C71EA843920065F0CA /* IQBarButtonItem.m in Sources */ = {isa = PBXBuildFile; fileRef = 5AA536B31EA843920065F0CA /* IQBarButtonItem.m */; };
		5AA536C81EA843920065F0CA /* IQPreviousNextView.m in Sources */ = {isa = PBXBuildFile; fileRef = 5AA536B51EA843920065F0CA /* IQPreviousNextView.m */; };
		5AA536C91EA843920065F0CA /* IQTitleBarButtonItem.m in Sources */ = {isa = PBXBuildFile; fileRef = 5AA536B71EA843920065F0CA /* IQTitleBarButtonItem.m */; };
		5AA536CA1EA843920065F0CA /* IQToolbar.m in Sources */ = {isa = PBXBuildFile; fileRef = 5AA536B91EA843920065F0CA /* IQToolbar.m */; };
		5AA536CB1EA843920065F0CA /* IQUIView+IQKeyboardToolbar.m in Sources */ = {isa = PBXBuildFile; fileRef = 5AA536BB1EA843920065F0CA /* IQUIView+IQKeyboardToolbar.m */; };
		5AA536CC1EA843920065F0CA /* IQKeyboardManager.bundle in Resources */ = {isa = PBXBuildFile; fileRef = 5AA536BD1EA843920065F0CA /* IQKeyboardManager.bundle */; };
		5ADDF7171ED8084E00C3B42B /* RotationCtrlBarView.m in Sources */ = {isa = PBXBuildFile; fileRef = 5ADDF7141ED8084E00C3B42B /* RotationCtrlBarView.m */; };
		5ADDF7181ED8084E00C3B42B /* RotationImageView.m in Sources */ = {isa = PBXBuildFile; fileRef = 5ADDF7161ED8084E00C3B42B /* RotationImageView.m */; };
		5AF7B5391EF91FC800732903 /* PQCircleAnimationView.m in Sources */ = {isa = PBXBuildFile; fileRef = 5AF7B5271EF91FC800732903 /* PQCircleAnimationView.m */; };
		5AF7B53A1EF91FC800732903 /* PQTopArcAnimationView.m in Sources */ = {isa = PBXBuildFile; fileRef = 5AF7B5291EF91FC800732903 /* PQTopArcAnimationView.m */; };
		5AF7B53B1EF91FC800732903 /* PQVoiceBottomView.m in Sources */ = {isa = PBXBuildFile; fileRef = 5AF7B52B1EF91FC800732903 /* PQVoiceBottomView.m */; };
		5AF7B53C1EF91FC800732903 /* PQVoiceCircleView.m in Sources */ = {isa = PBXBuildFile; fileRef = 5AF7B52D1EF91FC800732903 /* PQVoiceCircleView.m */; };
		5AF7B53D1EF91FC800732903 /* PQVoiceInputView.m in Sources */ = {isa = PBXBuildFile; fileRef = 5AF7B5301EF91FC800732903 /* PQVoiceInputView.m */; };
		5AF7B53E1EF91FC800732903 /* PQVoiceTopArcView.m in Sources */ = {isa = PBXBuildFile; fileRef = 5AF7B5321EF91FC800732903 /* PQVoiceTopArcView.m */; };
		5AF7B53F1EF91FC800732903 /* PQVoiceTopView.m in Sources */ = {isa = PBXBuildFile; fileRef = 5AF7B5341EF91FC800732903 /* PQVoiceTopView.m */; };
		5AF7B5401EF91FC800732903 /* PQVoiceView.m in Sources */ = {isa = PBXBuildFile; fileRef = 5AF7B5361EF91FC800732903 /* PQVoiceView.m */; };
		5AF7B5411EF91FC800732903 /* UIView+PQViewExtension.m in Sources */ = {isa = PBXBuildFile; fileRef = 5AF7B5381EF91FC800732903 /* UIView+PQViewExtension.m */; };
		5AF7B5451EF9228E00732903 /* YLTip.m in Sources */ = {isa = PBXBuildFile; fileRef = 5AF7B5441EF9228E00732903 /* YLTip.m */; };
		5AF7B5481EFA405C00732903 /* YLSelectView.m in Sources */ = {isa = PBXBuildFile; fileRef = 5AF7B5471EFA405C00732903 /* YLSelectView.m */; };
		5AF7B54C1EFA413F00732903 /* YLSelectCell.m in Sources */ = {isa = PBXBuildFile; fileRef = 5AF7B54A1EFA413F00732903 /* YLSelectCell.m */; };
		5AF7B54D1EFA413F00732903 /* YLSelectCell.xib in Resources */ = {isa = PBXBuildFile; fileRef = 5AF7B54B1EFA413F00732903 /* YLSelectCell.xib */; };
		5AF7B5501EFA4C6900732903 /* YLSelectTimeView.m in Sources */ = {isa = PBXBuildFile; fileRef = 5AF7B54F1EFA4C6900732903 /* YLSelectTimeView.m */; };
		5AF7B5531EFA651A00732903 /* YLPasswordTip.m in Sources */ = {isa = PBXBuildFile; fileRef = 5AF7B5521EFA651A00732903 /* YLPasswordTip.m */; };
		5AF7B5561EFA6BD900732903 /* YLSexTip.m in Sources */ = {isa = PBXBuildFile; fileRef = 5AF7B5551EFA6BD900732903 /* YLSexTip.m */; };
		5AF7B5581EFB595C00732903 /* 五星@2x.png in Resources */ = {isa = PBXBuildFile; fileRef = 5AF7B5571EFB595C00732903 /* 五星@2x.png */; };
		5AF7B55B1EFB599500732903 /* ScoreView.m in Sources */ = {isa = PBXBuildFile; fileRef = 5AF7B55A1EFB599500732903 /* ScoreView.m */; };
		5AF7B55D1EFB5ABB00732903 /* 五星_gray@2x.png in Resources */ = {isa = PBXBuildFile; fileRef = 5AF7B55C1EFB5ABB00732903 /* 五星_gray@2x.png */; };
/* End PBXBuildFile section */

/* Begin PBXContainerItemProxy section */
		5A1E24E21E973C6B0083F887 /* PBXContainerItemProxy */ = {
			isa = PBXContainerItemProxy;
			containerPortal = 5A1E24C01E973C6B0083F887 /* Project object */;
			proxyType = 1;
			remoteGlobalIDString = 5A1E24C71E973C6B0083F887;
			remoteInfo = LimToolsOC;
		};
		5A1E24ED1E973C6B0083F887 /* PBXContainerItemProxy */ = {
			isa = PBXContainerItemProxy;
			containerPortal = 5A1E24C01E973C6B0083F887 /* Project object */;
			proxyType = 1;
			remoteGlobalIDString = 5A1E24C71E973C6B0083F887;
			remoteInfo = LimToolsOC;
		};
/* End PBXContainerItemProxy section */

/* Begin PBXFileReference section */
		5A16E9A71EAEE03100121542 /* Animator.h */ = {isa = PBXFileReference; fileEncoding = 4; lastKnownFileType = sourcecode.c.h; path = Animator.h; sourceTree = "<group>"; };
		5A16E9A81EAEE03100121542 /* Animator.m */ = {isa = PBXFileReference; fileEncoding = 4; lastKnownFileType = sourcecode.c.objc; path = Animator.m; sourceTree = "<group>"; };
		5A1E24C81E973C6B0083F887 /* LimToolsOC.app */ = {isa = PBXFileReference; explicitFileType = wrapper.application; includeInIndex = 0; path = LimToolsOC.app; sourceTree = BUILT_PRODUCTS_DIR; };
		5A1E24CC1E973C6B0083F887 /* main.m */ = {isa = PBXFileReference; lastKnownFileType = sourcecode.c.objc; path = main.m; sourceTree = "<group>"; };
		5A1E24CE1E973C6B0083F887 /* AppDelegate.h */ = {isa = PBXFileReference; lastKnownFileType = sourcecode.c.h; path = AppDelegate.h; sourceTree = "<group>"; };
		5A1E24CF1E973C6B0083F887 /* AppDelegate.m */ = {isa = PBXFileReference; lastKnownFileType = sourcecode.c.objc; path = AppDelegate.m; sourceTree = "<group>"; };
		5A1E24D11E973C6B0083F887 /* ViewController.h */ = {isa = PBXFileReference; lastKnownFileType = sourcecode.c.h; path = ViewController.h; sourceTree = "<group>"; };
		5A1E24D21E973C6B0083F887 /* ViewController.m */ = {isa = PBXFileReference; lastKnownFileType = sourcecode.c.objc; path = ViewController.m; sourceTree = "<group>"; };
		5A1E24D51E973C6B0083F887 /* Base */ = {isa = PBXFileReference; lastKnownFileType = file.storyboard; name = Base; path = Base.lproj/Main.storyboard; sourceTree = "<group>"; };
		5A1E24D71E973C6B0083F887 /* Assets.xcassets */ = {isa = PBXFileReference; lastKnownFileType = folder.assetcatalog; path = Assets.xcassets; sourceTree = "<group>"; };
		5A1E24DA1E973C6B0083F887 /* Base */ = {isa = PBXFileReference; lastKnownFileType = file.storyboard; name = Base; path = Base.lproj/LaunchScreen.storyboard; sourceTree = "<group>"; };
		5A1E24DC1E973C6B0083F887 /* Info.plist */ = {isa = PBXFileReference; lastKnownFileType = text.plist.xml; path = Info.plist; sourceTree = "<group>"; };
		5A1E24E11E973C6B0083F887 /* LimToolsOCTests.xctest */ = {isa = PBXFileReference; explicitFileType = wrapper.cfbundle; includeInIndex = 0; path = LimToolsOCTests.xctest; sourceTree = BUILT_PRODUCTS_DIR; };
		5A1E24E51E973C6B0083F887 /* LimToolsOCTests.m */ = {isa = PBXFileReference; lastKnownFileType = sourcecode.c.objc; path = LimToolsOCTests.m; sourceTree = "<group>"; };
		5A1E24E71E973C6B0083F887 /* Info.plist */ = {isa = PBXFileReference; lastKnownFileType = text.plist.xml; path = Info.plist; sourceTree = "<group>"; };
		5A1E24EC1E973C6B0083F887 /* LimToolsOCUITests.xctest */ = {isa = PBXFileReference; explicitFileType = wrapper.cfbundle; includeInIndex = 0; path = LimToolsOCUITests.xctest; sourceTree = BUILT_PRODUCTS_DIR; };
		5A1E24F01E973C6B0083F887 /* LimToolsOCUITests.m */ = {isa = PBXFileReference; lastKnownFileType = sourcecode.c.objc; path = LimToolsOCUITests.m; sourceTree = "<group>"; };
		5A1E24F21E973C6B0083F887 /* Info.plist */ = {isa = PBXFileReference; lastKnownFileType = text.plist.xml; path = Info.plist; sourceTree = "<group>"; };
		5A1E25021E973E630083F887 /* Tools.h */ = {isa = PBXFileReference; lastKnownFileType = sourcecode.c.h; path = Tools.h; sourceTree = "<group>"; };
		5A1E25061E9741090083F887 /* StringValidTests.m */ = {isa = PBXFileReference; fileEncoding = 4; lastKnownFileType = sourcecode.c.objc; path = StringValidTests.m; sourceTree = "<group>"; };
		5A1E250C1E97577B0083F887 /* NSDate+Custom.h */ = {isa = PBXFileReference; fileEncoding = 4; lastKnownFileType = sourcecode.c.h; path = "NSDate+Custom.h"; sourceTree = "<group>"; };
		5A1E250D1E97577B0083F887 /* NSDate+Custom.m */ = {isa = PBXFileReference; fileEncoding = 4; lastKnownFileType = sourcecode.c.objc; path = "NSDate+Custom.m"; sourceTree = "<group>"; };
		5A1E250E1E97577B0083F887 /* NSString+Valid.h */ = {isa = PBXFileReference; fileEncoding = 4; lastKnownFileType = sourcecode.c.h; path = "NSString+Valid.h"; sourceTree = "<group>"; };
		5A1E250F1E97577B0083F887 /* NSString+Valid.m */ = {isa = PBXFileReference; fileEncoding = 4; lastKnownFileType = sourcecode.c.objc; path = "NSString+Valid.m"; sourceTree = "<group>"; };
		5A1E25111E97577B0083F887 /* QRView.h */ = {isa = PBXFileReference; fileEncoding = 4; lastKnownFileType = sourcecode.c.h; path = QRView.h; sourceTree = "<group>"; };
		5A1E25121E97577B0083F887 /* QRView.m */ = {isa = PBXFileReference; fileEncoding = 4; lastKnownFileType = sourcecode.c.objc; path = QRView.m; sourceTree = "<group>"; };
		5A1E253A1E97813E0083F887 /* UIColor+Custom.h */ = {isa = PBXFileReference; fileEncoding = 4; lastKnownFileType = sourcecode.c.h; path = "UIColor+Custom.h"; sourceTree = "<group>"; };
		5A1E253B1E97813E0083F887 /* UIColor+Custom.m */ = {isa = PBXFileReference; fileEncoding = 4; lastKnownFileType = sourcecode.c.objc; path = "UIColor+Custom.m"; sourceTree = "<group>"; };
		5A1E253D1E9786080083F887 /* NSString+Encryption.h */ = {isa = PBXFileReference; fileEncoding = 4; lastKnownFileType = sourcecode.c.h; path = "NSString+Encryption.h"; sourceTree = "<group>"; };
		5A1E253E1E9786080083F887 /* NSString+Encryption.m */ = {isa = PBXFileReference; fileEncoding = 4; lastKnownFileType = sourcecode.c.objc; path = "NSString+Encryption.m"; sourceTree = "<group>"; };
		5A1E25401E9789E50083F887 /* UIButton+ExpandArea.h */ = {isa = PBXFileReference; fileEncoding = 4; lastKnownFileType = sourcecode.c.h; path = "UIButton+ExpandArea.h"; sourceTree = "<group>"; };
		5A1E25411E9789E50083F887 /* UIButton+ExpandArea.m */ = {isa = PBXFileReference; fileEncoding = 4; lastKnownFileType = sourcecode.c.objc; path = "UIButton+ExpandArea.m"; sourceTree = "<group>"; };
		5A1E259C1E9B507A0083F887 /* button_hide_kb@2x.png */ = {isa = PBXFileReference; lastKnownFileType = image.png; path = "button_hide_kb@2x.png"; sourceTree = "<group>"; };
		5A1E259D1E9B507A0083F887 /* RPDynamicVK.h */ = {isa = PBXFileReference; fileEncoding = 4; lastKnownFileType = sourcecode.c.h; path = RPDynamicVK.h; sourceTree = "<group>"; };
		5A1E259E1E9B507A0083F887 /* RPDynamicVK.m */ = {isa = PBXFileReference; fileEncoding = 4; lastKnownFileType = sourcecode.c.objc; path = RPDynamicVK.m; sourceTree = "<group>"; };
		5A1E259F1E9B507A0083F887 /* RPExBtnTextField.h */ = {isa = PBXFileReference; fileEncoding = 4; lastKnownFileType = sourcecode.c.h; path = RPExBtnTextField.h; sourceTree = "<group>"; };
		5A1E25A01E9B507A0083F887 /* RPExBtnTextField.m */ = {isa = PBXFileReference; fileEncoding = 4; lastKnownFileType = sourcecode.c.objc; path = RPExBtnTextField.m; sourceTree = "<group>"; };
		5A1E25A11E9B507A0083F887 /* RPExBtnTextView.h */ = {isa = PBXFileReference; fileEncoding = 4; lastKnownFileType = sourcecode.c.h; path = RPExBtnTextView.h; sourceTree = "<group>"; };
		5A1E25A21E9B507A0083F887 /* RPExBtnTextView.m */ = {isa = PBXFileReference; fileEncoding = 4; lastKnownFileType = sourcecode.c.objc; path = RPExBtnTextView.m; sourceTree = "<group>"; };
		5A42D1F41F03B93B00BF38E1 /* CALayer+Additions.h */ = {isa = PBXFileReference; fileEncoding = 4; lastKnownFileType = sourcecode.c.h; path = "CALayer+Additions.h"; sourceTree = "<group>"; };
		5A42D1F51F03B93B00BF38E1 /* CALayer+Additions.m */ = {isa = PBXFileReference; fileEncoding = 4; lastKnownFileType = sourcecode.c.objc; path = "CALayer+Additions.m"; sourceTree = "<group>"; };
		5A5038A31F0393860090E448 /* CountdownHelper.h */ = {isa = PBXFileReference; fileEncoding = 4; lastKnownFileType = sourcecode.c.h; path = CountdownHelper.h; sourceTree = "<group>"; };
		5A5038A41F0393860090E448 /* CountdownHelper.m */ = {isa = PBXFileReference; fileEncoding = 4; lastKnownFileType = sourcecode.c.objc; path = CountdownHelper.m; sourceTree = "<group>"; };
		5AA5369B1EA843920065F0CA /* IQNSArray+Sort.h */ = {isa = PBXFileReference; fileEncoding = 4; lastKnownFileType = sourcecode.c.h; path = "IQNSArray+Sort.h"; sourceTree = "<group>"; };
		5AA5369C1EA843920065F0CA /* IQNSArray+Sort.m */ = {isa = PBXFileReference; fileEncoding = 4; lastKnownFileType = sourcecode.c.objc; path = "IQNSArray+Sort.m"; sourceTree = "<group>"; };
		5AA5369D1EA843920065F0CA /* IQUIScrollView+Additions.h */ = {isa = PBXFileReference; fileEncoding = 4; lastKnownFileType = sourcecode.c.h; path = "IQUIScrollView+Additions.h"; sourceTree = "<group>"; };
		5AA5369E1EA843920065F0CA /* IQUIScrollView+Additions.m */ = {isa = PBXFileReference; fileEncoding = 4; lastKnownFileType = sourcecode.c.objc; path = "IQUIScrollView+Additions.m"; sourceTree = "<group>"; };
		5AA5369F1EA843920065F0CA /* IQUITextFieldView+Additions.h */ = {isa = PBXFileReference; fileEncoding = 4; lastKnownFileType = sourcecode.c.h; path = "IQUITextFieldView+Additions.h"; sourceTree = "<group>"; };
		5AA536A01EA843920065F0CA /* IQUITextFieldView+Additions.m */ = {isa = PBXFileReference; fileEncoding = 4; lastKnownFileType = sourcecode.c.objc; path = "IQUITextFieldView+Additions.m"; sourceTree = "<group>"; };
		5AA536A11EA843920065F0CA /* IQUIView+Hierarchy.h */ = {isa = PBXFileReference; fileEncoding = 4; lastKnownFileType = sourcecode.c.h; path = "IQUIView+Hierarchy.h"; sourceTree = "<group>"; };
		5AA536A21EA843920065F0CA /* IQUIView+Hierarchy.m */ = {isa = PBXFileReference; fileEncoding = 4; lastKnownFileType = sourcecode.c.objc; path = "IQUIView+Hierarchy.m"; sourceTree = "<group>"; };
		5AA536A31EA843920065F0CA /* IQUIViewController+Additions.h */ = {isa = PBXFileReference; fileEncoding = 4; lastKnownFileType = sourcecode.c.h; path = "IQUIViewController+Additions.h"; sourceTree = "<group>"; };
		5AA536A41EA843920065F0CA /* IQUIViewController+Additions.m */ = {isa = PBXFileReference; fileEncoding = 4; lastKnownFileType = sourcecode.c.objc; path = "IQUIViewController+Additions.m"; sourceTree = "<group>"; };
		5AA536A51EA843920065F0CA /* IQUIWindow+Hierarchy.h */ = {isa = PBXFileReference; fileEncoding = 4; lastKnownFileType = sourcecode.c.h; path = "IQUIWindow+Hierarchy.h"; sourceTree = "<group>"; };
		5AA536A61EA843920065F0CA /* IQUIWindow+Hierarchy.m */ = {isa = PBXFileReference; fileEncoding = 4; lastKnownFileType = sourcecode.c.objc; path = "IQUIWindow+Hierarchy.m"; sourceTree = "<group>"; };
		5AA536A81EA843920065F0CA /* IQKeyboardManagerConstants.h */ = {isa = PBXFileReference; fileEncoding = 4; lastKnownFileType = sourcecode.c.h; path = IQKeyboardManagerConstants.h; sourceTree = "<group>"; };
		5AA536A91EA843920065F0CA /* IQKeyboardManagerConstantsInternal.h */ = {isa = PBXFileReference; fileEncoding = 4; lastKnownFileType = sourcecode.c.h; path = IQKeyboardManagerConstantsInternal.h; sourceTree = "<group>"; };
		5AA536AA1EA843920065F0CA /* IQKeyboardManager.h */ = {isa = PBXFileReference; fileEncoding = 4; lastKnownFileType = sourcecode.c.h; path = IQKeyboardManager.h; sourceTree = "<group>"; };
		5AA536AB1EA843920065F0CA /* IQKeyboardManager.m */ = {isa = PBXFileReference; fileEncoding = 4; lastKnownFileType = sourcecode.c.objc; path = IQKeyboardManager.m; sourceTree = "<group>"; };
		5AA536AC1EA843920065F0CA /* IQKeyboardReturnKeyHandler.h */ = {isa = PBXFileReference; fileEncoding = 4; lastKnownFileType = sourcecode.c.h; path = IQKeyboardReturnKeyHandler.h; sourceTree = "<group>"; };
		5AA536AD1EA843920065F0CA /* IQKeyboardReturnKeyHandler.m */ = {isa = PBXFileReference; fileEncoding = 4; lastKnownFileType = sourcecode.c.objc; path = IQKeyboardReturnKeyHandler.m; sourceTree = "<group>"; };
		5AA536AF1EA843920065F0CA /* IQTextView.h */ = {isa = PBXFileReference; fileEncoding = 4; lastKnownFileType = sourcecode.c.h; path = IQTextView.h; sourceTree = "<group>"; };
		5AA536B01EA843920065F0CA /* IQTextView.m */ = {isa = PBXFileReference; fileEncoding = 4; lastKnownFileType = sourcecode.c.objc; path = IQTextView.m; sourceTree = "<group>"; };
		5AA536B21EA843920065F0CA /* IQBarButtonItem.h */ = {isa = PBXFileReference; fileEncoding = 4; lastKnownFileType = sourcecode.c.h; path = IQBarButtonItem.h; sourceTree = "<group>"; };
		5AA536B31EA843920065F0CA /* IQBarButtonItem.m */ = {isa = PBXFileReference; fileEncoding = 4; lastKnownFileType = sourcecode.c.objc; path = IQBarButtonItem.m; sourceTree = "<group>"; };
		5AA536B41EA843920065F0CA /* IQPreviousNextView.h */ = {isa = PBXFileReference; fileEncoding = 4; lastKnownFileType = sourcecode.c.h; path = IQPreviousNextView.h; sourceTree = "<group>"; };
		5AA536B51EA843920065F0CA /* IQPreviousNextView.m */ = {isa = PBXFileReference; fileEncoding = 4; lastKnownFileType = sourcecode.c.objc; path = IQPreviousNextView.m; sourceTree = "<group>"; };
		5AA536B61EA843920065F0CA /* IQTitleBarButtonItem.h */ = {isa = PBXFileReference; fileEncoding = 4; lastKnownFileType = sourcecode.c.h; path = IQTitleBarButtonItem.h; sourceTree = "<group>"; };
		5AA536B71EA843920065F0CA /* IQTitleBarButtonItem.m */ = {isa = PBXFileReference; fileEncoding = 4; lastKnownFileType = sourcecode.c.objc; path = IQTitleBarButtonItem.m; sourceTree = "<group>"; };
		5AA536B81EA843920065F0CA /* IQToolbar.h */ = {isa = PBXFileReference; fileEncoding = 4; lastKnownFileType = sourcecode.c.h; path = IQToolbar.h; sourceTree = "<group>"; };
		5AA536B91EA843920065F0CA /* IQToolbar.m */ = {isa = PBXFileReference; fileEncoding = 4; lastKnownFileType = sourcecode.c.objc; path = IQToolbar.m; sourceTree = "<group>"; };
		5AA536BA1EA843920065F0CA /* IQUIView+IQKeyboardToolbar.h */ = {isa = PBXFileReference; fileEncoding = 4; lastKnownFileType = sourcecode.c.h; path = "IQUIView+IQKeyboardToolbar.h"; sourceTree = "<group>"; };
		5AA536BB1EA843920065F0CA /* IQUIView+IQKeyboardToolbar.m */ = {isa = PBXFileReference; fileEncoding = 4; lastKnownFileType = sourcecode.c.objc; path = "IQUIView+IQKeyboardToolbar.m"; sourceTree = "<group>"; };
		5AA536BD1EA843920065F0CA /* IQKeyboardManager.bundle */ = {isa = PBXFileReference; lastKnownFileType = "wrapper.plug-in"; path = IQKeyboardManager.bundle; sourceTree = "<group>"; };
		5ADDF7131ED8084E00C3B42B /* RotationCtrlBarView.h */ = {isa = PBXFileReference; fileEncoding = 4; lastKnownFileType = sourcecode.c.h; path = RotationCtrlBarView.h; sourceTree = "<group>"; };
		5ADDF7141ED8084E00C3B42B /* RotationCtrlBarView.m */ = {isa = PBXFileReference; fileEncoding = 4; lastKnownFileType = sourcecode.c.objc; path = RotationCtrlBarView.m; sourceTree = "<group>"; };
		5ADDF7151ED8084E00C3B42B /* RotationImageView.h */ = {isa = PBXFileReference; fileEncoding = 4; lastKnownFileType = sourcecode.c.h; path = RotationImageView.h; sourceTree = "<group>"; };
		5ADDF7161ED8084E00C3B42B /* RotationImageView.m */ = {isa = PBXFileReference; fileEncoding = 4; lastKnownFileType = sourcecode.c.objc; path = RotationImageView.m; sourceTree = "<group>"; };
		5AF7B5261EF91FC800732903 /* PQCircleAnimationView.h */ = {isa = PBXFileReference; fileEncoding = 4; lastKnownFileType = sourcecode.c.h; path = PQCircleAnimationView.h; sourceTree = "<group>"; };
		5AF7B5271EF91FC800732903 /* PQCircleAnimationView.m */ = {isa = PBXFileReference; fileEncoding = 4; lastKnownFileType = sourcecode.c.objc; path = PQCircleAnimationView.m; sourceTree = "<group>"; };
		5AF7B5281EF91FC800732903 /* PQTopArcAnimationView.h */ = {isa = PBXFileReference; fileEncoding = 4; lastKnownFileType = sourcecode.c.h; path = PQTopArcAnimationView.h; sourceTree = "<group>"; };
		5AF7B5291EF91FC800732903 /* PQTopArcAnimationView.m */ = {isa = PBXFileReference; fileEncoding = 4; lastKnownFileType = sourcecode.c.objc; path = PQTopArcAnimationView.m; sourceTree = "<group>"; };
		5AF7B52A1EF91FC800732903 /* PQVoiceBottomView.h */ = {isa = PBXFileReference; fileEncoding = 4; lastKnownFileType = sourcecode.c.h; path = PQVoiceBottomView.h; sourceTree = "<group>"; };
		5AF7B52B1EF91FC800732903 /* PQVoiceBottomView.m */ = {isa = PBXFileReference; fileEncoding = 4; lastKnownFileType = sourcecode.c.objc; path = PQVoiceBottomView.m; sourceTree = "<group>"; };
		5AF7B52C1EF91FC800732903 /* PQVoiceCircleView.h */ = {isa = PBXFileReference; fileEncoding = 4; lastKnownFileType = sourcecode.c.h; path = PQVoiceCircleView.h; sourceTree = "<group>"; };
		5AF7B52D1EF91FC800732903 /* PQVoiceCircleView.m */ = {isa = PBXFileReference; fileEncoding = 4; lastKnownFileType = sourcecode.c.objc; path = PQVoiceCircleView.m; sourceTree = "<group>"; };
		5AF7B52E1EF91FC800732903 /* PQVoiceInput.h */ = {isa = PBXFileReference; fileEncoding = 4; lastKnownFileType = sourcecode.c.h; path = PQVoiceInput.h; sourceTree = "<group>"; };
		5AF7B52F1EF91FC800732903 /* PQVoiceInputView.h */ = {isa = PBXFileReference; fileEncoding = 4; lastKnownFileType = sourcecode.c.h; path = PQVoiceInputView.h; sourceTree = "<group>"; };
		5AF7B5301EF91FC800732903 /* PQVoiceInputView.m */ = {isa = PBXFileReference; fileEncoding = 4; lastKnownFileType = sourcecode.c.objc; path = PQVoiceInputView.m; sourceTree = "<group>"; };
		5AF7B5311EF91FC800732903 /* PQVoiceTopArcView.h */ = {isa = PBXFileReference; fileEncoding = 4; lastKnownFileType = sourcecode.c.h; path = PQVoiceTopArcView.h; sourceTree = "<group>"; };
		5AF7B5321EF91FC800732903 /* PQVoiceTopArcView.m */ = {isa = PBXFileReference; fileEncoding = 4; lastKnownFileType = sourcecode.c.objc; path = PQVoiceTopArcView.m; sourceTree = "<group>"; };
		5AF7B5331EF91FC800732903 /* PQVoiceTopView.h */ = {isa = PBXFileReference; fileEncoding = 4; lastKnownFileType = sourcecode.c.h; path = PQVoiceTopView.h; sourceTree = "<group>"; };
		5AF7B5341EF91FC800732903 /* PQVoiceTopView.m */ = {isa = PBXFileReference; fileEncoding = 4; lastKnownFileType = sourcecode.c.objc; path = PQVoiceTopView.m; sourceTree = "<group>"; };
		5AF7B5351EF91FC800732903 /* PQVoiceView.h */ = {isa = PBXFileReference; fileEncoding = 4; lastKnownFileType = sourcecode.c.h; path = PQVoiceView.h; sourceTree = "<group>"; };
		5AF7B5361EF91FC800732903 /* PQVoiceView.m */ = {isa = PBXFileReference; fileEncoding = 4; lastKnownFileType = sourcecode.c.objc; path = PQVoiceView.m; sourceTree = "<group>"; };
		5AF7B5371EF91FC800732903 /* UIView+PQViewExtension.h */ = {isa = PBXFileReference; fileEncoding = 4; lastKnownFileType = sourcecode.c.h; path = "UIView+PQViewExtension.h"; sourceTree = "<group>"; };
		5AF7B5381EF91FC800732903 /* UIView+PQViewExtension.m */ = {isa = PBXFileReference; fileEncoding = 4; lastKnownFileType = sourcecode.c.objc; path = "UIView+PQViewExtension.m"; sourceTree = "<group>"; };
		5AF7B5431EF9228E00732903 /* YLTip.h */ = {isa = PBXFileReference; fileEncoding = 4; lastKnownFileType = sourcecode.c.h; path = YLTip.h; sourceTree = "<group>"; };
		5AF7B5441EF9228E00732903 /* YLTip.m */ = {isa = PBXFileReference; fileEncoding = 4; lastKnownFileType = sourcecode.c.objc; path = YLTip.m; sourceTree = "<group>"; };
		5AF7B5461EFA405C00732903 /* YLSelectView.h */ = {isa = PBXFileReference; fileEncoding = 4; lastKnownFileType = sourcecode.c.h; path = YLSelectView.h; sourceTree = "<group>"; };
		5AF7B5471EFA405C00732903 /* YLSelectView.m */ = {isa = PBXFileReference; fileEncoding = 4; lastKnownFileType = sourcecode.c.objc; path = YLSelectView.m; sourceTree = "<group>"; };
		5AF7B5491EFA413F00732903 /* YLSelectCell.h */ = {isa = PBXFileReference; fileEncoding = 4; lastKnownFileType = sourcecode.c.h; path = YLSelectCell.h; sourceTree = "<group>"; };
		5AF7B54A1EFA413F00732903 /* YLSelectCell.m */ = {isa = PBXFileReference; fileEncoding = 4; lastKnownFileType = sourcecode.c.objc; path = YLSelectCell.m; sourceTree = "<group>"; };
		5AF7B54B1EFA413F00732903 /* YLSelectCell.xib */ = {isa = PBXFileReference; fileEncoding = 4; lastKnownFileType = file.xib; path = YLSelectCell.xib; sourceTree = "<group>"; };
		5AF7B54E1EFA4C6900732903 /* YLSelectTimeView.h */ = {isa = PBXFileReference; fileEncoding = 4; lastKnownFileType = sourcecode.c.h; path = YLSelectTimeView.h; sourceTree = "<group>"; };
		5AF7B54F1EFA4C6900732903 /* YLSelectTimeView.m */ = {isa = PBXFileReference; fileEncoding = 4; lastKnownFileType = sourcecode.c.objc; path = YLSelectTimeView.m; sourceTree = "<group>"; };
		5AF7B5511EFA651A00732903 /* YLPasswordTip.h */ = {isa = PBXFileReference; fileEncoding = 4; lastKnownFileType = sourcecode.c.h; path = YLPasswordTip.h; sourceTree = "<group>"; };
		5AF7B5521EFA651A00732903 /* YLPasswordTip.m */ = {isa = PBXFileReference; fileEncoding = 4; lastKnownFileType = sourcecode.c.objc; path = YLPasswordTip.m; sourceTree = "<group>"; };
		5AF7B5541EFA6BD900732903 /* YLSexTip.h */ = {isa = PBXFileReference; fileEncoding = 4; lastKnownFileType = sourcecode.c.h; path = YLSexTip.h; sourceTree = "<group>"; };
		5AF7B5551EFA6BD900732903 /* YLSexTip.m */ = {isa = PBXFileReference; fileEncoding = 4; lastKnownFileType = sourcecode.c.objc; path = YLSexTip.m; sourceTree = "<group>"; };
		5AF7B5571EFB595C00732903 /* 五星@2x.png */ = {isa = PBXFileReference; lastKnownFileType = image.png; path = "五星@2x.png"; sourceTree = "<group>"; };
		5AF7B5591EFB599500732903 /* ScoreView.h */ = {isa = PBXFileReference; fileEncoding = 4; lastKnownFileType = sourcecode.c.h; path = ScoreView.h; sourceTree = "<group>"; };
		5AF7B55A1EFB599500732903 /* ScoreView.m */ = {isa = PBXFileReference; fileEncoding = 4; lastKnownFileType = sourcecode.c.objc; path = ScoreView.m; sourceTree = "<group>"; };
		5AF7B55C1EFB5ABB00732903 /* 五星_gray@2x.png */ = {isa = PBXFileReference; lastKnownFileType = image.png; path = "五星_gray@2x.png"; sourceTree = "<group>"; };
/* End PBXFileReference section */

/* Begin PBXFrameworksBuildPhase section */
		5A1E24C51E973C6B0083F887 /* Frameworks */ = {
			isa = PBXFrameworksBuildPhase;
			buildActionMask = 2147483647;
			files = (
			);
			runOnlyForDeploymentPostprocessing = 0;
		};
		5A1E24DE1E973C6B0083F887 /* Frameworks */ = {
			isa = PBXFrameworksBuildPhase;
			buildActionMask = 2147483647;
			files = (
			);
			runOnlyForDeploymentPostprocessing = 0;
		};
		5A1E24E91E973C6B0083F887 /* Frameworks */ = {
			isa = PBXFrameworksBuildPhase;
			buildActionMask = 2147483647;
			files = (
			);
			runOnlyForDeploymentPostprocessing = 0;
		};
/* End PBXFrameworksBuildPhase section */

/* Begin PBXGroup section */
		5A1E24BF1E973C6B0083F887 = {
			isa = PBXGroup;
			children = (
				5A1E24CA1E973C6B0083F887 /* LimToolsOC */,
				5A1E24E41E973C6B0083F887 /* LimToolsOCTests */,
				5A1E24EF1E973C6B0083F887 /* LimToolsOCUITests */,
				5A1E24C91E973C6B0083F887 /* Products */,
			);
			sourceTree = "<group>";
		};
		5A1E24C91E973C6B0083F887 /* Products */ = {
			isa = PBXGroup;
			children = (
				5A1E24C81E973C6B0083F887 /* LimToolsOC.app */,
				5A1E24E11E973C6B0083F887 /* LimToolsOCTests.xctest */,
				5A1E24EC1E973C6B0083F887 /* LimToolsOCUITests.xctest */,
			);
			name = Products;
			sourceTree = "<group>";
		};
		5A1E24CA1E973C6B0083F887 /* LimToolsOC */ = {
			isa = PBXGroup;
			children = (
				5A1E24FE1E973D970083F887 /* Tools */,
				5A1E24CE1E973C6B0083F887 /* AppDelegate.h */,
				5A1E24CF1E973C6B0083F887 /* AppDelegate.m */,
				5A1E24D11E973C6B0083F887 /* ViewController.h */,
				5A1E24D21E973C6B0083F887 /* ViewController.m */,
				5A1E24D41E973C6B0083F887 /* Main.storyboard */,
				5A1E24D71E973C6B0083F887 /* Assets.xcassets */,
				5A1E24D91E973C6B0083F887 /* LaunchScreen.storyboard */,
				5A1E24DC1E973C6B0083F887 /* Info.plist */,
				5A1E24CB1E973C6B0083F887 /* Supporting Files */,
			);
			path = LimToolsOC;
			sourceTree = "<group>";
		};
		5A1E24CB1E973C6B0083F887 /* Supporting Files */ = {
			isa = PBXGroup;
			children = (
				5A1E24CC1E973C6B0083F887 /* main.m */,
			);
			name = "Supporting Files";
			sourceTree = "<group>";
		};
		5A1E24E41E973C6B0083F887 /* LimToolsOCTests */ = {
			isa = PBXGroup;
			children = (
				5A1E24E51E973C6B0083F887 /* LimToolsOCTests.m */,
				5A1E25061E9741090083F887 /* StringValidTests.m */,
				5A1E24E71E973C6B0083F887 /* Info.plist */,
			);
			path = LimToolsOCTests;
			sourceTree = "<group>";
		};
		5A1E24EF1E973C6B0083F887 /* LimToolsOCUITests */ = {
			isa = PBXGroup;
			children = (
				5A1E24F01E973C6B0083F887 /* LimToolsOCUITests.m */,
				5A1E24F21E973C6B0083F887 /* Info.plist */,
			);
			path = LimToolsOCUITests;
			sourceTree = "<group>";
		};
		5A1E24FE1E973D970083F887 /* Tools */ = {
			isa = PBXGroup;
			children = (
				5AF7B5421EF9220800732903 /* Test */,
				5A1E250B1E97577B0083F887 /* Function */,
				5A1E25101E97577B0083F887 /* UI */,
				5A1E25021E973E630083F887 /* Tools.h */,
			);
			path = Tools;
			sourceTree = "<group>";
		};
		5A1E250B1E97577B0083F887 /* Function */ = {
			isa = PBXGroup;
			children = (
				5A1E250C1E97577B0083F887 /* NSDate+Custom.h */,
				5A1E250D1E97577B0083F887 /* NSDate+Custom.m */,
				5A1E250E1E97577B0083F887 /* NSString+Valid.h */,
				5A1E250F1E97577B0083F887 /* NSString+Valid.m */,
				5A1E253D1E9786080083F887 /* NSString+Encryption.h */,
				5A1E253E1E9786080083F887 /* NSString+Encryption.m */,
				5A5038A31F0393860090E448 /* CountdownHelper.h */,
				5A5038A41F0393860090E448 /* CountdownHelper.m */,
			);
			path = Function;
			sourceTree = "<group>";
		};
		5A1E25101E97577B0083F887 /* UI */ = {
			isa = PBXGroup;
			children = (
				5A16E9A71EAEE03100121542 /* Animator.h */,
				5A16E9A81EAEE03100121542 /* Animator.m */,
				5AF7B5251EF91FC800732903 /* VoiceInput */,
				5ADDF7121ED8083900C3B42B /* BannerView */,
				5AA536991EA843920065F0CA /* IQKeyboardManager */,
				5A1E259B1E9B507A0083F887 /* DynamicVK */,
				5A1E25111E97577B0083F887 /* QRView.h */,
				5A1E25121E97577B0083F887 /* QRView.m */,
				5A1E253A1E97813E0083F887 /* UIColor+Custom.h */,
				5A1E253B1E97813E0083F887 /* UIColor+Custom.m */,
				5A1E25401E9789E50083F887 /* UIButton+ExpandArea.h */,
				5A1E25411E9789E50083F887 /* UIButton+ExpandArea.m */,
				5A42D1F41F03B93B00BF38E1 /* CALayer+Additions.h */,
				5A42D1F51F03B93B00BF38E1 /* CALayer+Additions.m */,
			);
			path = UI;
			sourceTree = "<group>";
		};
		5A1E259B1E9B507A0083F887 /* DynamicVK */ = {
			isa = PBXGroup;
			children = (
				5A1E259C1E9B507A0083F887 /* button_hide_kb@2x.png */,
				5A1E259D1E9B507A0083F887 /* RPDynamicVK.h */,
				5A1E259E1E9B507A0083F887 /* RPDynamicVK.m */,
				5A1E259F1E9B507A0083F887 /* RPExBtnTextField.h */,
				5A1E25A01E9B507A0083F887 /* RPExBtnTextField.m */,
				5A1E25A11E9B507A0083F887 /* RPExBtnTextView.h */,
				5A1E25A21E9B507A0083F887 /* RPExBtnTextView.m */,
			);
			path = DynamicVK;
			sourceTree = "<group>";
		};
		5AA536991EA843920065F0CA /* IQKeyboardManager */ = {
			isa = PBXGroup;
			children = (
				5AA5369A1EA843920065F0CA /* Categories */,
				5AA536A71EA843920065F0CA /* Constants */,
				5AA536AA1EA843920065F0CA /* IQKeyboardManager.h */,
				5AA536AB1EA843920065F0CA /* IQKeyboardManager.m */,
				5AA536AC1EA843920065F0CA /* IQKeyboardReturnKeyHandler.h */,
				5AA536AD1EA843920065F0CA /* IQKeyboardReturnKeyHandler.m */,
				5AA536AE1EA843920065F0CA /* IQTextView */,
				5AA536B11EA843920065F0CA /* IQToolbar */,
				5AA536BC1EA843920065F0CA /* Resources */,
			);
			path = IQKeyboardManager;
			sourceTree = "<group>";
		};
		5AA5369A1EA843920065F0CA /* Categories */ = {
			isa = PBXGroup;
			children = (
				5AA5369B1EA843920065F0CA /* IQNSArray+Sort.h */,
				5AA5369C1EA843920065F0CA /* IQNSArray+Sort.m */,
				5AA5369D1EA843920065F0CA /* IQUIScrollView+Additions.h */,
				5AA5369E1EA843920065F0CA /* IQUIScrollView+Additions.m */,
				5AA5369F1EA843920065F0CA /* IQUITextFieldView+Additions.h */,
				5AA536A01EA843920065F0CA /* IQUITextFieldView+Additions.m */,
				5AA536A11EA843920065F0CA /* IQUIView+Hierarchy.h */,
				5AA536A21EA843920065F0CA /* IQUIView+Hierarchy.m */,
				5AA536A31EA843920065F0CA /* IQUIViewController+Additions.h */,
				5AA536A41EA843920065F0CA /* IQUIViewController+Additions.m */,
				5AA536A51EA843920065F0CA /* IQUIWindow+Hierarchy.h */,
				5AA536A61EA843920065F0CA /* IQUIWindow+Hierarchy.m */,
			);
			path = Categories;
			sourceTree = "<group>";
		};
		5AA536A71EA843920065F0CA /* Constants */ = {
			isa = PBXGroup;
			children = (
				5AA536A81EA843920065F0CA /* IQKeyboardManagerConstants.h */,
				5AA536A91EA843920065F0CA /* IQKeyboardManagerConstantsInternal.h */,
			);
			path = Constants;
			sourceTree = "<group>";
		};
		5AA536AE1EA843920065F0CA /* IQTextView */ = {
			isa = PBXGroup;
			children = (
				5AA536AF1EA843920065F0CA /* IQTextView.h */,
				5AA536B01EA843920065F0CA /* IQTextView.m */,
			);
			path = IQTextView;
			sourceTree = "<group>";
		};
		5AA536B11EA843920065F0CA /* IQToolbar */ = {
			isa = PBXGroup;
			children = (
				5AA536B21EA843920065F0CA /* IQBarButtonItem.h */,
				5AA536B31EA843920065F0CA /* IQBarButtonItem.m */,
				5AA536B41EA843920065F0CA /* IQPreviousNextView.h */,
				5AA536B51EA843920065F0CA /* IQPreviousNextView.m */,
				5AA536B61EA843920065F0CA /* IQTitleBarButtonItem.h */,
				5AA536B71EA843920065F0CA /* IQTitleBarButtonItem.m */,
				5AA536B81EA843920065F0CA /* IQToolbar.h */,
				5AA536B91EA843920065F0CA /* IQToolbar.m */,
				5AA536BA1EA843920065F0CA /* IQUIView+IQKeyboardToolbar.h */,
				5AA536BB1EA843920065F0CA /* IQUIView+IQKeyboardToolbar.m */,
			);
			path = IQToolbar;
			sourceTree = "<group>";
		};
		5AA536BC1EA843920065F0CA /* Resources */ = {
			isa = PBXGroup;
			children = (
				5AA536BD1EA843920065F0CA /* IQKeyboardManager.bundle */,
			);
			path = Resources;
			sourceTree = "<group>";
		};
		5ADDF7121ED8083900C3B42B /* BannerView */ = {
			isa = PBXGroup;
			children = (
				5ADDF7131ED8084E00C3B42B /* RotationCtrlBarView.h */,
				5ADDF7141ED8084E00C3B42B /* RotationCtrlBarView.m */,
				5ADDF7151ED8084E00C3B42B /* RotationImageView.h */,
				5ADDF7161ED8084E00C3B42B /* RotationImageView.m */,
			);
			path = BannerView;
			sourceTree = "<group>";
		};
		5AF7B5251EF91FC800732903 /* VoiceInput */ = {
			isa = PBXGroup;
			children = (
				5AF7B5261EF91FC800732903 /* PQCircleAnimationView.h */,
				5AF7B5271EF91FC800732903 /* PQCircleAnimationView.m */,
				5AF7B5281EF91FC800732903 /* PQTopArcAnimationView.h */,
				5AF7B5291EF91FC800732903 /* PQTopArcAnimationView.m */,
				5AF7B52A1EF91FC800732903 /* PQVoiceBottomView.h */,
				5AF7B52B1EF91FC800732903 /* PQVoiceBottomView.m */,
				5AF7B52C1EF91FC800732903 /* PQVoiceCircleView.h */,
				5AF7B52D1EF91FC800732903 /* PQVoiceCircleView.m */,
				5AF7B52E1EF91FC800732903 /* PQVoiceInput.h */,
				5AF7B52F1EF91FC800732903 /* PQVoiceInputView.h */,
				5AF7B5301EF91FC800732903 /* PQVoiceInputView.m */,
				5AF7B5311EF91FC800732903 /* PQVoiceTopArcView.h */,
				5AF7B5321EF91FC800732903 /* PQVoiceTopArcView.m */,
				5AF7B5331EF91FC800732903 /* PQVoiceTopView.h */,
				5AF7B5341EF91FC800732903 /* PQVoiceTopView.m */,
				5AF7B5351EF91FC800732903 /* PQVoiceView.h */,
				5AF7B5361EF91FC800732903 /* PQVoiceView.m */,
				5AF7B5371EF91FC800732903 /* UIView+PQViewExtension.h */,
				5AF7B5381EF91FC800732903 /* UIView+PQViewExtension.m */,
			);
			path = VoiceInput;
			sourceTree = "<group>";
		};
		5AF7B5421EF9220800732903 /* Test */ = {
			isa = PBXGroup;
			children = (
				5AF7B5431EF9228E00732903 /* YLTip.h */,
				5AF7B5441EF9228E00732903 /* YLTip.m */,
				5AF7B5511EFA651A00732903 /* YLPasswordTip.h */,
				5AF7B5521EFA651A00732903 /* YLPasswordTip.m */,
				5AF7B5461EFA405C00732903 /* YLSelectView.h */,
				5AF7B5471EFA405C00732903 /* YLSelectView.m */,
				5AF7B5491EFA413F00732903 /* YLSelectCell.h */,
				5AF7B54A1EFA413F00732903 /* YLSelectCell.m */,
				5AF7B54B1EFA413F00732903 /* YLSelectCell.xib */,
				5AF7B54E1EFA4C6900732903 /* YLSelectTimeView.h */,
				5AF7B54F1EFA4C6900732903 /* YLSelectTimeView.m */,
				5AF7B5541EFA6BD900732903 /* YLSexTip.h */,
				5AF7B5551EFA6BD900732903 /* YLSexTip.m */,
				5AF7B5571EFB595C00732903 /* 五星@2x.png */,
				5AF7B55C1EFB5ABB00732903 /* 五星_gray@2x.png */,
				5AF7B5591EFB599500732903 /* ScoreView.h */,
				5AF7B55A1EFB599500732903 /* ScoreView.m */,
			);
			path = Test;
			sourceTree = "<group>";
		};
/* End PBXGroup section */

/* Begin PBXNativeTarget section */
		5A1E24C71E973C6B0083F887 /* LimToolsOC */ = {
			isa = PBXNativeTarget;
			buildConfigurationList = 5A1E24F51E973C6B0083F887 /* Build configuration list for PBXNativeTarget "LimToolsOC" */;
			buildPhases = (
				5A1E24C41E973C6B0083F887 /* Sources */,
				5A1E24C51E973C6B0083F887 /* Frameworks */,
				5A1E24C61E973C6B0083F887 /* Resources */,
			);
			buildRules = (
			);
			dependencies = (
			);
			name = LimToolsOC;
			productName = LimToolsOC;
			productReference = 5A1E24C81E973C6B0083F887 /* LimToolsOC.app */;
			productType = "com.apple.product-type.application";
		};
		5A1E24E01E973C6B0083F887 /* LimToolsOCTests */ = {
			isa = PBXNativeTarget;
			buildConfigurationList = 5A1E24F81E973C6B0083F887 /* Build configuration list for PBXNativeTarget "LimToolsOCTests" */;
			buildPhases = (
				5A1E24DD1E973C6B0083F887 /* Sources */,
				5A1E24DE1E973C6B0083F887 /* Frameworks */,
				5A1E24DF1E973C6B0083F887 /* Resources */,
			);
			buildRules = (
			);
			dependencies = (
				5A1E24E31E973C6B0083F887 /* PBXTargetDependency */,
			);
			name = LimToolsOCTests;
			productName = LimToolsOCTests;
			productReference = 5A1E24E11E973C6B0083F887 /* LimToolsOCTests.xctest */;
			productType = "com.apple.product-type.bundle.unit-test";
		};
		5A1E24EB1E973C6B0083F887 /* LimToolsOCUITests */ = {
			isa = PBXNativeTarget;
			buildConfigurationList = 5A1E24FB1E973C6B0083F887 /* Build configuration list for PBXNativeTarget "LimToolsOCUITests" */;
			buildPhases = (
				5A1E24E81E973C6B0083F887 /* Sources */,
				5A1E24E91E973C6B0083F887 /* Frameworks */,
				5A1E24EA1E973C6B0083F887 /* Resources */,
			);
			buildRules = (
			);
			dependencies = (
				5A1E24EE1E973C6B0083F887 /* PBXTargetDependency */,
			);
			name = LimToolsOCUITests;
			productName = LimToolsOCUITests;
			productReference = 5A1E24EC1E973C6B0083F887 /* LimToolsOCUITests.xctest */;
			productType = "com.apple.product-type.bundle.ui-testing";
		};
/* End PBXNativeTarget section */

/* Begin PBXProject section */
		5A1E24C01E973C6B0083F887 /* Project object */ = {
			isa = PBXProject;
			attributes = {
				LastUpgradeCheck = 0820;
				ORGANIZATIONNAME = Liu;
				TargetAttributes = {
					5A1E24C71E973C6B0083F887 = {
						CreatedOnToolsVersion = 8.2.1;
						DevelopmentTeam = A7H6PE5VV4;
						ProvisioningStyle = Automatic;
					};
					5A1E24E01E973C6B0083F887 = {
						CreatedOnToolsVersion = 8.2.1;
						DevelopmentTeam = A7H6PE5VV4;
						ProvisioningStyle = Automatic;
						TestTargetID = 5A1E24C71E973C6B0083F887;
					};
					5A1E24EB1E973C6B0083F887 = {
						CreatedOnToolsVersion = 8.2.1;
						DevelopmentTeam = A7H6PE5VV4;
						ProvisioningStyle = Automatic;
						TestTargetID = 5A1E24C71E973C6B0083F887;
					};
				};
			};
			buildConfigurationList = 5A1E24C31E973C6B0083F887 /* Build configuration list for PBXProject "LimToolsOC" */;
			compatibilityVersion = "Xcode 3.2";
			developmentRegion = English;
			hasScannedForEncodings = 0;
			knownRegions = (
				en,
				Base,
			);
			mainGroup = 5A1E24BF1E973C6B0083F887;
			productRefGroup = 5A1E24C91E973C6B0083F887 /* Products */;
			projectDirPath = "";
			projectRoot = "";
			targets = (
				5A1E24C71E973C6B0083F887 /* LimToolsOC */,
				5A1E24E01E973C6B0083F887 /* LimToolsOCTests */,
				5A1E24EB1E973C6B0083F887 /* LimToolsOCUITests */,
			);
		};
/* End PBXProject section */

/* Begin PBXResourcesBuildPhase section */
		5A1E24C61E973C6B0083F887 /* Resources */ = {
			isa = PBXResourcesBuildPhase;
			buildActionMask = 2147483647;
			files = (
				5AF7B55D1EFB5ABB00732903 /* 五星_gray@2x.png in Resources */,
				5AF7B54D1EFA413F00732903 /* YLSelectCell.xib in Resources */,
				5AF7B5581EFB595C00732903 /* 五星@2x.png in Resources */,
				5AA536CC1EA843920065F0CA /* IQKeyboardManager.bundle in Resources */,
				5A1E24DB1E973C6B0083F887 /* LaunchScreen.storyboard in Resources */,
				5A1E24D81E973C6B0083F887 /* Assets.xcassets in Resources */,
				5A1E24D61E973C6B0083F887 /* Main.storyboard in Resources */,
				5A1E25A31E9B507A0083F887 /* button_hide_kb@2x.png in Resources */,
			);
			runOnlyForDeploymentPostprocessing = 0;
		};
		5A1E24DF1E973C6B0083F887 /* Resources */ = {
			isa = PBXResourcesBuildPhase;
			buildActionMask = 2147483647;
			files = (
			);
			runOnlyForDeploymentPostprocessing = 0;
		};
		5A1E24EA1E973C6B0083F887 /* Resources */ = {
			isa = PBXResourcesBuildPhase;
			buildActionMask = 2147483647;
			files = (
			);
			runOnlyForDeploymentPostprocessing = 0;
		};
/* End PBXResourcesBuildPhase section */

/* Begin PBXSourcesBuildPhase section */
		5A1E24C41E973C6B0083F887 /* Sources */ = {
			isa = PBXSourcesBuildPhase;
			buildActionMask = 2147483647;
			files = (
				5AF7B53F1EF91FC800732903 /* PQVoiceTopView.m in Sources */,
				5A5038A51F0393860090E448 /* CountdownHelper.m in Sources */,
				5A1E24D31E973C6B0083F887 /* ViewController.m in Sources */,
				5AA536C41EA843920065F0CA /* IQKeyboardManager.m in Sources */,
				5A42D1F61F03B93B00BF38E1 /* CALayer+Additions.m in Sources */,
				5AF7B5561EFA6BD900732903 /* YLSexTip.m in Sources */,
				5AA536C71EA843920065F0CA /* IQBarButtonItem.m in Sources */,
				5A1E24D01E973C6B0083F887 /* AppDelegate.m in Sources */,
				5AF7B54C1EFA413F00732903 /* YLSelectCell.m in Sources */,
				5A1E24CD1E973C6B0083F887 /* main.m in Sources */,
				5AA536C31EA843920065F0CA /* IQUIWindow+Hierarchy.m in Sources */,
				5AA536C51EA843920065F0CA /* IQKeyboardReturnKeyHandler.m in Sources */,
				5AA536C81EA843920065F0CA /* IQPreviousNextView.m in Sources */,
				5AF7B5481EFA405C00732903 /* YLSelectView.m in Sources */,
				5AA536BE1EA843920065F0CA /* IQNSArray+Sort.m in Sources */,
				5AF7B53E1EF91FC800732903 /* PQVoiceTopArcView.m in Sources */,
				5ADDF7171ED8084E00C3B42B /* RotationCtrlBarView.m in Sources */,
				5AF7B5451EF9228E00732903 /* YLTip.m in Sources */,
				5ADDF7181ED8084E00C3B42B /* RotationImageView.m in Sources */,
				5AF7B5401EF91FC800732903 /* PQVoiceView.m in Sources */,
				5A1E25A61E9B507A0083F887 /* RPExBtnTextView.m in Sources */,
				5AA536CA1EA843920065F0CA /* IQToolbar.m in Sources */,
				5AA536CB1EA843920065F0CA /* IQUIView+IQKeyboardToolbar.m in Sources */,
				5AF7B5391EF91FC800732903 /* PQCircleAnimationView.m in Sources */,
				5A1E25131E97577B0083F887 /* NSDate+Custom.m in Sources */,
				5AF7B53C1EF91FC800732903 /* PQVoiceCircleView.m in Sources */,
				5A1E25141E97577B0083F887 /* NSString+Valid.m in Sources */,
				5AF7B5501EFA4C6900732903 /* YLSelectTimeView.m in Sources */,
				5AF7B5531EFA651A00732903 /* YLPasswordTip.m in Sources */,
				5AF7B53A1EF91FC800732903 /* PQTopArcAnimationView.m in Sources */,
				5A16E9A91EAEE03100121542 /* Animator.m in Sources */,
				5A1E25151E97577B0083F887 /* QRView.m in Sources */,
				5AA536C91EA843920065F0CA /* IQTitleBarButtonItem.m in Sources */,
				5AF7B55B1EFB599500732903 /* ScoreView.m in Sources */,
				5AF7B53B1EF91FC800732903 /* PQVoiceBottomView.m in Sources */,
				5A1E25421E9789E50083F887 /* UIButton+ExpandArea.m in Sources */,
				5AA536C01EA843920065F0CA /* IQUITextFieldView+Additions.m in Sources */,
				5AA536C61EA843920065F0CA /* IQTextView.m in Sources */,
				5AA536BF1EA843920065F0CA /* IQUIScrollView+Additions.m in Sources */,
				5AF7B53D1EF91FC800732903 /* PQVoiceInputView.m in Sources */,
				5A1E25A51E9B507A0083F887 /* RPExBtnTextField.m in Sources */,
				5AA536C21EA843920065F0CA /* IQUIViewController+Additions.m in Sources */,
				5AA536C11EA843920065F0CA /* IQUIView+Hierarchy.m in Sources */,
				5A1E253F1E9786080083F887 /* NSString+Encryption.m in Sources */,
				5A1E25A41E9B507A0083F887 /* RPDynamicVK.m in Sources */,
				5AF7B5411EF91FC800732903 /* UIView+PQViewExtension.m in Sources */,
				5A1E253C1E97813E0083F887 /* UIColor+Custom.m in Sources */,
			);
			runOnlyForDeploymentPostprocessing = 0;
		};
		5A1E24DD1E973C6B0083F887 /* Sources */ = {
			isa = PBXSourcesBuildPhase;
			buildActionMask = 2147483647;
			files = (
				5A1E24E61E973C6B0083F887 /* LimToolsOCTests.m in Sources */,
				5A1E25071E9741090083F887 /* StringValidTests.m in Sources */,
			);
			runOnlyForDeploymentPostprocessing = 0;
		};
		5A1E24E81E973C6B0083F887 /* Sources */ = {
			isa = PBXSourcesBuildPhase;
			buildActionMask = 2147483647;
			files = (
				5A1E24F11E973C6B0083F887 /* LimToolsOCUITests.m in Sources */,
			);
			runOnlyForDeploymentPostprocessing = 0;
		};
/* End PBXSourcesBuildPhase section */

/* Begin PBXTargetDependency section */
		5A1E24E31E973C6B0083F887 /* PBXTargetDependency */ = {
			isa = PBXTargetDependency;
			target = 5A1E24C71E973C6B0083F887 /* LimToolsOC */;
			targetProxy = 5A1E24E21E973C6B0083F887 /* PBXContainerItemProxy */;
		};
		5A1E24EE1E973C6B0083F887 /* PBXTargetDependency */ = {
			isa = PBXTargetDependency;
			target = 5A1E24C71E973C6B0083F887 /* LimToolsOC */;
			targetProxy = 5A1E24ED1E973C6B0083F887 /* PBXContainerItemProxy */;
		};
/* End PBXTargetDependency section */

/* Begin PBXVariantGroup section */
		5A1E24D41E973C6B0083F887 /* Main.storyboard */ = {
			isa = PBXVariantGroup;
			children = (
				5A1E24D51E973C6B0083F887 /* Base */,
			);
			name = Main.storyboard;
			sourceTree = "<group>";
		};
		5A1E24D91E973C6B0083F887 /* LaunchScreen.storyboard */ = {
			isa = PBXVariantGroup;
			children = (
				5A1E24DA1E973C6B0083F887 /* Base */,
			);
			name = LaunchScreen.storyboard;
			sourceTree = "<group>";
		};
/* End PBXVariantGroup section */

/* Begin XCBuildConfiguration section */
		5A1E24F31E973C6B0083F887 /* Debug */ = {
			isa = XCBuildConfiguration;
			buildSettings = {
				ALWAYS_SEARCH_USER_PATHS = NO;
				CLANG_ANALYZER_NONNULL = YES;
				CLANG_CXX_LANGUAGE_STANDARD = "gnu++0x";
				CLANG_CXX_LIBRARY = "libc++";
				CLANG_ENABLE_MODULES = YES;
				CLANG_ENABLE_OBJC_ARC = YES;
				CLANG_WARN_BOOL_CONVERSION = YES;
				CLANG_WARN_CONSTANT_CONVERSION = YES;
				CLANG_WARN_DIRECT_OBJC_ISA_USAGE = YES_ERROR;
				CLANG_WARN_DOCUMENTATION_COMMENTS = YES;
				CLANG_WARN_EMPTY_BODY = YES;
				CLANG_WARN_ENUM_CONVERSION = YES;
				CLANG_WARN_INFINITE_RECURSION = YES;
				CLANG_WARN_INT_CONVERSION = YES;
				CLANG_WARN_OBJC_ROOT_CLASS = YES_ERROR;
				CLANG_WARN_SUSPICIOUS_MOVE = YES;
				CLANG_WARN_UNREACHABLE_CODE = YES;
				CLANG_WARN__DUPLICATE_METHOD_MATCH = YES;
				"CODE_SIGN_IDENTITY[sdk=iphoneos*]" = "iPhone Developer";
				COPY_PHASE_STRIP = NO;
				DEBUG_INFORMATION_FORMAT = dwarf;
				ENABLE_STRICT_OBJC_MSGSEND = YES;
				ENABLE_TESTABILITY = YES;
				GCC_C_LANGUAGE_STANDARD = gnu99;
				GCC_DYNAMIC_NO_PIC = NO;
				GCC_NO_COMMON_BLOCKS = YES;
				GCC_OPTIMIZATION_LEVEL = 0;
				GCC_PREPROCESSOR_DEFINITIONS = (
					"DEBUG=1",
					"$(inherited)",
				);
				GCC_WARN_64_TO_32_BIT_CONVERSION = YES;
				GCC_WARN_ABOUT_RETURN_TYPE = YES_ERROR;
				GCC_WARN_UNDECLARED_SELECTOR = YES;
				GCC_WARN_UNINITIALIZED_AUTOS = YES_AGGRESSIVE;
				GCC_WARN_UNUSED_FUNCTION = YES;
				GCC_WARN_UNUSED_VARIABLE = YES;
				IPHONEOS_DEPLOYMENT_TARGET = 10.2;
				MTL_ENABLE_DEBUG_INFO = YES;
				ONLY_ACTIVE_ARCH = YES;
				SDKROOT = iphoneos;
			};
			name = Debug;
		};
		5A1E24F41E973C6B0083F887 /* Release */ = {
			isa = XCBuildConfiguration;
			buildSettings = {
				ALWAYS_SEARCH_USER_PATHS = NO;
				CLANG_ANALYZER_NONNULL = YES;
				CLANG_CXX_LANGUAGE_STANDARD = "gnu++0x";
				CLANG_CXX_LIBRARY = "libc++";
				CLANG_ENABLE_MODULES = YES;
				CLANG_ENABLE_OBJC_ARC = YES;
				CLANG_WARN_BOOL_CONVERSION = YES;
				CLANG_WARN_CONSTANT_CONVERSION = YES;
				CLANG_WARN_DIRECT_OBJC_ISA_USAGE = YES_ERROR;
				CLANG_WARN_DOCUMENTATION_COMMENTS = YES;
				CLANG_WARN_EMPTY_BODY = YES;
				CLANG_WARN_ENUM_CONVERSION = YES;
				CLANG_WARN_INFINITE_RECURSION = YES;
				CLANG_WARN_INT_CONVERSION = YES;
				CLANG_WARN_OBJC_ROOT_CLASS = YES_ERROR;
				CLANG_WARN_SUSPICIOUS_MOVE = YES;
				CLANG_WARN_UNREACHABLE_CODE = YES;
				CLANG_WARN__DUPLICATE_METHOD_MATCH = YES;
				"CODE_SIGN_IDENTITY[sdk=iphoneos*]" = "iPhone Developer";
				COPY_PHASE_STRIP = NO;
				DEBUG_INFORMATION_FORMAT = "dwarf-with-dsym";
				ENABLE_NS_ASSERTIONS = NO;
				ENABLE_STRICT_OBJC_MSGSEND = YES;
				GCC_C_LANGUAGE_STANDARD = gnu99;
				GCC_NO_COMMON_BLOCKS = YES;
				GCC_WARN_64_TO_32_BIT_CONVERSION = YES;
				GCC_WARN_ABOUT_RETURN_TYPE = YES_ERROR;
				GCC_WARN_UNDECLARED_SELECTOR = YES;
				GCC_WARN_UNINITIALIZED_AUTOS = YES_AGGRESSIVE;
				GCC_WARN_UNUSED_FUNCTION = YES;
				GCC_WARN_UNUSED_VARIABLE = YES;
				IPHONEOS_DEPLOYMENT_TARGET = 10.2;
				MTL_ENABLE_DEBUG_INFO = NO;
				SDKROOT = iphoneos;
				VALIDATE_PRODUCT = YES;
			};
			name = Release;
		};
		5A1E24F61E973C6B0083F887 /* Debug */ = {
			isa = XCBuildConfiguration;
			buildSettings = {
				ASSETCATALOG_COMPILER_APPICON_NAME = AppIcon;
				DEVELOPMENT_TEAM = A7H6PE5VV4;
				INFOPLIST_FILE = LimToolsOC/Info.plist;
				LD_RUNPATH_SEARCH_PATHS = "$(inherited) @executable_path/Frameworks";
				PRODUCT_BUNDLE_IDENTIFIER = liuyimin.LimToolsOC;
				PRODUCT_NAME = "$(TARGET_NAME)";
			};
			name = Debug;
		};
		5A1E24F71E973C6B0083F887 /* Release */ = {
			isa = XCBuildConfiguration;
			buildSettings = {
				ASSETCATALOG_COMPILER_APPICON_NAME = AppIcon;
				DEVELOPMENT_TEAM = A7H6PE5VV4;
				INFOPLIST_FILE = LimToolsOC/Info.plist;
				LD_RUNPATH_SEARCH_PATHS = "$(inherited) @executable_path/Frameworks";
				PRODUCT_BUNDLE_IDENTIFIER = liuyimin.LimToolsOC;
				PRODUCT_NAME = "$(TARGET_NAME)";
			};
			name = Release;
		};
		5A1E24F91E973C6B0083F887 /* Debug */ = {
			isa = XCBuildConfiguration;
			buildSettings = {
				BUNDLE_LOADER = "$(TEST_HOST)";
				DEVELOPMENT_TEAM = A7H6PE5VV4;
				INFOPLIST_FILE = LimToolsOCTests/Info.plist;
				LD_RUNPATH_SEARCH_PATHS = "$(inherited) @executable_path/Frameworks @loader_path/Frameworks";
				PRODUCT_BUNDLE_IDENTIFIER = liuyimin.LimToolsOCTests;
				PRODUCT_NAME = "$(TARGET_NAME)";
				TEST_HOST = "$(BUILT_PRODUCTS_DIR)/LimToolsOC.app/LimToolsOC";
			};
			name = Debug;
		};
		5A1E24FA1E973C6B0083F887 /* Release */ = {
			isa = XCBuildConfiguration;
			buildSettings = {
				BUNDLE_LOADER = "$(TEST_HOST)";
				DEVELOPMENT_TEAM = A7H6PE5VV4;
				INFOPLIST_FILE = LimToolsOCTests/Info.plist;
				LD_RUNPATH_SEARCH_PATHS = "$(inherited) @executable_path/Frameworks @loader_path/Frameworks";
				PRODUCT_BUNDLE_IDENTIFIER = liuyimin.LimToolsOCTests;
				PRODUCT_NAME = "$(TARGET_NAME)";
				TEST_HOST = "$(BUILT_PRODUCTS_DIR)/LimToolsOC.app/LimToolsOC";
			};
			name = Release;
		};
		5A1E24FC1E973C6B0083F887 /* Debug */ = {
			isa = XCBuildConfiguration;
			buildSettings = {
				DEVELOPMENT_TEAM = A7H6PE5VV4;
				INFOPLIST_FILE = LimToolsOCUITests/Info.plist;
				LD_RUNPATH_SEARCH_PATHS = "$(inherited) @executable_path/Frameworks @loader_path/Frameworks";
				PRODUCT_BUNDLE_IDENTIFIER = liuyimin.LimToolsOCUITests;
				PRODUCT_NAME = "$(TARGET_NAME)";
				TEST_TARGET_NAME = LimToolsOC;
			};
			name = Debug;
		};
		5A1E24FD1E973C6B0083F887 /* Release */ = {
			isa = XCBuildConfiguration;
			buildSettings = {
				DEVELOPMENT_TEAM = A7H6PE5VV4;
				INFOPLIST_FILE = LimToolsOCUITests/Info.plist;
				LD_RUNPATH_SEARCH_PATHS = "$(inherited) @executable_path/Frameworks @loader_path/Frameworks";
				PRODUCT_BUNDLE_IDENTIFIER = liuyimin.LimToolsOCUITests;
				PRODUCT_NAME = "$(TARGET_NAME)";
				TEST_TARGET_NAME = LimToolsOC;
			};
			name = Release;
		};
/* End XCBuildConfiguration section */

/* Begin XCConfigurationList section */
		5A1E24C31E973C6B0083F887 /* Build configuration list for PBXProject "LimToolsOC" */ = {
			isa = XCConfigurationList;
			buildConfigurations = (
				5A1E24F31E973C6B0083F887 /* Debug */,
				5A1E24F41E973C6B0083F887 /* Release */,
			);
			defaultConfigurationIsVisible = 0;
			defaultConfigurationName = Release;
		};
		5A1E24F51E973C6B0083F887 /* Build configuration list for PBXNativeTarget "LimToolsOC" */ = {
			isa = XCConfigurationList;
			buildConfigurations = (
				5A1E24F61E973C6B0083F887 /* Debug */,
				5A1E24F71E973C6B0083F887 /* Release */,
			);
			defaultConfigurationIsVisible = 0;
			defaultConfigurationName = Release;
		};
		5A1E24F81E973C6B0083F887 /* Build configuration list for PBXNativeTarget "LimToolsOCTests" */ = {
			isa = XCConfigurationList;
			buildConfigurations = (
				5A1E24F91E973C6B0083F887 /* Debug */,
				5A1E24FA1E973C6B0083F887 /* Release */,
			);
			defaultConfigurationIsVisible = 0;
			defaultConfigurationName = Release;
		};
		5A1E24FB1E973C6B0083F887 /* Build configuration list for PBXNativeTarget "LimToolsOCUITests" */ = {
			isa = XCConfigurationList;
			buildConfigurations = (
				5A1E24FC1E973C6B0083F887 /* Debug */,
				5A1E24FD1E973C6B0083F887 /* Release */,
			);
			defaultConfigurationIsVisible = 0;
			defaultConfigurationName = Release;
		};
/* End XCConfigurationList section */
	};
	rootObject = 5A1E24C01E973C6B0083F887 /* Project object */;
}
